// !$*UTF8*$!
{
	archiveVersion = 1;
	classes = {
	};
	objectVersion = 46;
	objects = {

/* Begin PBXBuildFile section */
		5D037DCC1CF47DC200E24C13 /* CameraCalibrator.cpp in Sources */ = {isa = PBXBuildFile; fileRef = 5D037DCB1CF47DC200E24C13 /* CameraCalibrator.cpp */; };
		5D037DD11CF4B20500E24C13 /* OptionBase.m in Sources */ = {isa = PBXBuildFile; fileRef = 5D037DD01CF4B20500E24C13 /* OptionBase.m */; };
		5D037DD41CF4B2A300E24C13 /* OptionCalibration.m in Sources */ = {isa = PBXBuildFile; fileRef = 5D037DD31CF4B2A300E24C13 /* OptionCalibration.m */; };
		5D037DD71CF4B2C900E24C13 /* OptionMarker.m in Sources */ = {isa = PBXBuildFile; fileRef = 5D037DD61CF4B2C900E24C13 /* OptionMarker.m */; };
		5D037DDB1CF4CFBF00E24C13 /* RenderManager.mm in Sources */ = {isa = PBXBuildFile; fileRef = 5D037DDA1CF4CFBF00E24C13 /* RenderManager.mm */; };
		5D037DE01CF4DB4200E24C13 /* OpenGLES.framework in Frameworks */ = {isa = PBXBuildFile; fileRef = 5D037DDF1CF4DB4200E24C13 /* OpenGLES.framework */; };
		5D037DE21CF4DBC400E24C13 /* GLKit.framework in Frameworks */ = {isa = PBXBuildFile; fileRef = 5D037DE11CF4DBC400E24C13 /* GLKit.framework */; };
		5D037DE41CF4DBDB00E24C13 /* QuartzCore.framework in Frameworks */ = {isa = PBXBuildFile; fileRef = 5D037DE31CF4DBDB00E24C13 /* QuartzCore.framework */; };
		5D037DE71CF4DC4000E24C13 /* CameraCalibration.cpp in Sources */ = {isa = PBXBuildFile; fileRef = 5D037DE51CF4DC4000E24C13 /* CameraCalibration.cpp */; };
		5D7BE32A1CF3681C00302C37 /* main.m in Sources */ = {isa = PBXBuildFile; fileRef = 5D7BE3291CF3681C00302C37 /* main.m */; };
		5D7BE32D1CF3681C00302C37 /* AppDelegate.mm in Sources */ = {isa = PBXBuildFile; fileRef = 5D7BE32C1CF3681C00302C37 /* AppDelegate.mm */; };
		5D7BE3301CF3681C00302C37 /* ViewController.mm in Sources */ = {isa = PBXBuildFile; fileRef = 5D7BE32F1CF3681C00302C37 /* ViewController.mm */; };
		5D7BE3331CF3681C00302C37 /* Main.storyboard in Resources */ = {isa = PBXBuildFile; fileRef = 5D7BE3311CF3681C00302C37 /* Main.storyboard */; };
		5D7BE3351CF3681C00302C37 /* Assets.xcassets in Resources */ = {isa = PBXBuildFile; fileRef = 5D7BE3341CF3681C00302C37 /* Assets.xcassets */; };
		5D7BE3381CF3681C00302C37 /* LaunchScreen.storyboard in Resources */ = {isa = PBXBuildFile; fileRef = 5D7BE3361CF3681C00302C37 /* LaunchScreen.storyboard */; };
		5D7BE3431CF3681C00302C37 /* RenderOpenCVTests.m in Sources */ = {isa = PBXBuildFile; fileRef = 5D7BE3421CF3681C00302C37 /* RenderOpenCVTests.m */; };
		5D7BE34E1CF3681C00302C37 /* RenderOpenCVUITests.m in Sources */ = {isa = PBXBuildFile; fileRef = 5D7BE34D1CF3681C00302C37 /* RenderOpenCVUITests.m */; };
		5D7BE35C1CF3682B00302C37 /* opencv2.framework in Frameworks */ = {isa = PBXBuildFile; fileRef = 5D7BE35B1CF3682B00302C37 /* opencv2.framework */; };
		5D7BE3641CF3695A00302C37 /* VideoSource.mm in Sources */ = {isa = PBXBuildFile; fileRef = 5D7BE3631CF3695A00302C37 /* VideoSource.mm */; };
		5D7BE3661CF375F100302C37 /* Accelerate.framework in Frameworks */ = {isa = PBXBuildFile; fileRef = 5D7BE3651CF375F100302C37 /* Accelerate.framework */; };
		5D7BE3681CF375F500302C37 /* AssetsLibrary.framework in Frameworks */ = {isa = PBXBuildFile; fileRef = 5D7BE3671CF375F500302C37 /* AssetsLibrary.framework */; };
		5D7BE36A1CF375FA00302C37 /* AVFoundation.framework in Frameworks */ = {isa = PBXBuildFile; fileRef = 5D7BE3691CF375FA00302C37 /* AVFoundation.framework */; };
		5D7BE36C1CF3760200302C37 /* CoreGraphics.framework in Frameworks */ = {isa = PBXBuildFile; fileRef = 5D7BE36B1CF3760200302C37 /* CoreGraphics.framework */; };
		5D7BE36E1CF3760C00302C37 /* CoreVideo.framework in Frameworks */ = {isa = PBXBuildFile; fileRef = 5D7BE36D1CF3760C00302C37 /* CoreVideo.framework */; };
		5D7BE3701CF3761800302C37 /* CoreMedia.framework in Frameworks */ = {isa = PBXBuildFile; fileRef = 5D7BE36F1CF3761800302C37 /* CoreMedia.framework */; };
		5D7BE3721CF3789800302C37 /* Foundation.framework in Frameworks */ = {isa = PBXBuildFile; fileRef = 5D7BE3711CF3789800302C37 /* Foundation.framework */; };
		5D7BE3741CF3789E00302C37 /* UIKit.framework in Frameworks */ = {isa = PBXBuildFile; fileRef = 5D7BE3731CF3789E00302C37 /* UIKit.framework */; };
		5D7CAF7B1CF3802600EF9B29 /* CalibrationWrapper.mm in Sources */ = {isa = PBXBuildFile; fileRef = 5D7CAF781CF3802600EF9B29 /* CalibrationWrapper.mm */; };
		5D7CAF7F1CF3805900EF9B29 /* UIImage+OpenCV.mm in Sources */ = {isa = PBXBuildFile; fileRef = 5D7CAF7E1CF3805900EF9B29 /* UIImage+OpenCV.mm */; };
		5D7CAF831CF3820300EF9B29 /* GeometryTypes.cpp in Sources */ = {isa = PBXBuildFile; fileRef = 5D7CAF811CF3820300EF9B29 /* GeometryTypes.cpp */; };
		5D7CAF8A1CF3820900EF9B29 /* MarkerDetector.cpp in Sources */ = {isa = PBXBuildFile; fileRef = 5D7CAF841CF3820900EF9B29 /* MarkerDetector.cpp */; };
		5D7CAF8B1CF3820900EF9B29 /* Marker.cpp in Sources */ = {isa = PBXBuildFile; fileRef = 5D7CAF861CF3820900EF9B29 /* Marker.cpp */; };
		5D7CAF8C1CF3820900EF9B29 /* Perimetr.cpp in Sources */ = {isa = PBXBuildFile; fileRef = 5D7CAF881CF3820900EF9B29 /* Perimetr.cpp */; };
		5D7CAF921CF3843D00EF9B29 /* Calibrator.cpp in Sources */ = {isa = PBXBuildFile; fileRef = 5D7CAF901CF3843D00EF9B29 /* Calibrator.cpp */; };
/* End PBXBuildFile section */

/* Begin PBXContainerItemProxy section */
		5D7BE33F1CF3681C00302C37 /* PBXContainerItemProxy */ = {
			isa = PBXContainerItemProxy;
			containerPortal = 5D7BE31D1CF3681C00302C37 /* Project object */;
			proxyType = 1;
			remoteGlobalIDString = 5D7BE3241CF3681C00302C37;
			remoteInfo = RenderOpenCV;
		};
		5D7BE34A1CF3681C00302C37 /* PBXContainerItemProxy */ = {
			isa = PBXContainerItemProxy;
			containerPortal = 5D7BE31D1CF3681C00302C37 /* Project object */;
			proxyType = 1;
			remoteGlobalIDString = 5D7BE3241CF3681C00302C37;
			remoteInfo = RenderOpenCV;
		};
/* End PBXContainerItemProxy section */

/* Begin PBXFileReference section */
		5D037DCA1CF47DB700E24C13 /* CameraCalibrator.hpp */ = {isa = PBXFileReference; lastKnownFileType = sourcecode.cpp.h; path = CameraCalibrator.hpp; sourceTree = "<group>"; };
		5D037DCB1CF47DC200E24C13 /* CameraCalibrator.cpp */ = {isa = PBXFileReference; fileEncoding = 4; lastKnownFileType = sourcecode.cpp.cpp; path = CameraCalibrator.cpp; sourceTree = "<group>"; };
		5D037DCF1CF4B20500E24C13 /* OptionBase.h */ = {isa = PBXFileReference; fileEncoding = 4; lastKnownFileType = sourcecode.c.h; name = OptionBase.h; path = "User Interface/Options/OptionBase.h"; sourceTree = "<group>"; };
		5D037DD01CF4B20500E24C13 /* OptionBase.m */ = {isa = PBXFileReference; fileEncoding = 4; lastKnownFileType = sourcecode.c.objc; name = OptionBase.m; path = "User Interface/Options/OptionBase.m"; sourceTree = "<group>"; };
		5D037DD21CF4B2A300E24C13 /* OptionCalibration.h */ = {isa = PBXFileReference; fileEncoding = 4; lastKnownFileType = sourcecode.c.h; name = OptionCalibration.h; path = "User Interface/Options/OptionCalibration.h"; sourceTree = "<group>"; };
		5D037DD31CF4B2A300E24C13 /* OptionCalibration.m */ = {isa = PBXFileReference; fileEncoding = 4; lastKnownFileType = sourcecode.c.objc; name = OptionCalibration.m; path = "User Interface/Options/OptionCalibration.m"; sourceTree = "<group>"; };
		5D037DD51CF4B2C900E24C13 /* OptionMarker.h */ = {isa = PBXFileReference; fileEncoding = 4; lastKnownFileType = sourcecode.c.h; name = OptionMarker.h; path = "User Interface/Options/OptionMarker.h"; sourceTree = "<group>"; };
		5D037DD61CF4B2C900E24C13 /* OptionMarker.m */ = {isa = PBXFileReference; fileEncoding = 4; lastKnownFileType = sourcecode.c.objc; name = OptionMarker.m; path = "User Interface/Options/OptionMarker.m"; sourceTree = "<group>"; };
		5D037DD91CF4CFBF00E24C13 /* RenderManager.h */ = {isa = PBXFileReference; fileEncoding = 4; lastKnownFileType = sourcecode.c.h; name = RenderManager.h; path = Rendering/RenderManager.h; sourceTree = "<group>"; };
		5D037DDA1CF4CFBF00E24C13 /* RenderManager.mm */ = {isa = PBXFileReference; fileEncoding = 4; lastKnownFileType = sourcecode.cpp.objcpp; name = RenderManager.mm; path = Rendering/RenderManager.mm; sourceTree = "<group>"; };
		5D037DDF1CF4DB4200E24C13 /* OpenGLES.framework */ = {isa = PBXFileReference; lastKnownFileType = wrapper.framework; name = OpenGLES.framework; path = System/Library/Frameworks/OpenGLES.framework; sourceTree = SDKROOT; };
		5D037DE11CF4DBC400E24C13 /* GLKit.framework */ = {isa = PBXFileReference; lastKnownFileType = wrapper.framework; name = GLKit.framework; path = System/Library/Frameworks/GLKit.framework; sourceTree = SDKROOT; };
		5D037DE31CF4DBDB00E24C13 /* QuartzCore.framework */ = {isa = PBXFileReference; lastKnownFileType = wrapper.framework; name = QuartzCore.framework; path = System/Library/Frameworks/QuartzCore.framework; sourceTree = SDKROOT; };
		5D037DE51CF4DC4000E24C13 /* CameraCalibration.cpp */ = {isa = PBXFileReference; fileEncoding = 4; lastKnownFileType = sourcecode.cpp.cpp; path = CameraCalibration.cpp; sourceTree = "<group>"; };
		5D037DE61CF4DC4000E24C13 /* CameraCalibration.hpp */ = {isa = PBXFileReference; fileEncoding = 4; lastKnownFileType = sourcecode.cpp.h; path = CameraCalibration.hpp; sourceTree = "<group>"; };
		5D7BE3251CF3681C00302C37 /* RenderOpenCV.app */ = {isa = PBXFileReference; explicitFileType = wrapper.application; includeInIndex = 0; path = RenderOpenCV.app; sourceTree = BUILT_PRODUCTS_DIR; };
		5D7BE3291CF3681C00302C37 /* main.m */ = {isa = PBXFileReference; lastKnownFileType = sourcecode.c.objc; path = main.m; sourceTree = "<group>"; };
		5D7BE32B1CF3681C00302C37 /* AppDelegate.h */ = {isa = PBXFileReference; lastKnownFileType = sourcecode.c.h; path = AppDelegate.h; sourceTree = "<group>"; };
		5D7BE32C1CF3681C00302C37 /* AppDelegate.mm */ = {isa = PBXFileReference; lastKnownFileType = sourcecode.cpp.objcpp; path = AppDelegate.mm; sourceTree = "<group>"; };
		5D7BE32E1CF3681C00302C37 /* ViewController.h */ = {isa = PBXFileReference; lastKnownFileType = sourcecode.c.h; path = ViewController.h; sourceTree = "<group>"; };
		5D7BE32F1CF3681C00302C37 /* ViewController.mm */ = {isa = PBXFileReference; lastKnownFileType = sourcecode.cpp.objcpp; path = ViewController.mm; sourceTree = "<group>"; };
		5D7BE3321CF3681C00302C37 /* Base */ = {isa = PBXFileReference; lastKnownFileType = file.storyboard; name = Base; path = Base.lproj/Main.storyboard; sourceTree = "<group>"; };
		5D7BE3341CF3681C00302C37 /* Assets.xcassets */ = {isa = PBXFileReference; lastKnownFileType = folder.assetcatalog; path = Assets.xcassets; sourceTree = "<group>"; };
		5D7BE3371CF3681C00302C37 /* Base */ = {isa = PBXFileReference; lastKnownFileType = file.storyboard; name = Base; path = Base.lproj/LaunchScreen.storyboard; sourceTree = "<group>"; };
		5D7BE3391CF3681C00302C37 /* Info.plist */ = {isa = PBXFileReference; lastKnownFileType = text.plist.xml; path = Info.plist; sourceTree = "<group>"; };
		5D7BE33E1CF3681C00302C37 /* RenderOpenCVTests.xctest */ = {isa = PBXFileReference; explicitFileType = wrapper.cfbundle; includeInIndex = 0; path = RenderOpenCVTests.xctest; sourceTree = BUILT_PRODUCTS_DIR; };
		5D7BE3421CF3681C00302C37 /* RenderOpenCVTests.m */ = {isa = PBXFileReference; lastKnownFileType = sourcecode.c.objc; path = RenderOpenCVTests.m; sourceTree = "<group>"; };
		5D7BE3441CF3681C00302C37 /* Info.plist */ = {isa = PBXFileReference; lastKnownFileType = text.plist.xml; path = Info.plist; sourceTree = "<group>"; };
		5D7BE3491CF3681C00302C37 /* RenderOpenCVUITests.xctest */ = {isa = PBXFileReference; explicitFileType = wrapper.cfbundle; includeInIndex = 0; path = RenderOpenCVUITests.xctest; sourceTree = BUILT_PRODUCTS_DIR; };
		5D7BE34D1CF3681C00302C37 /* RenderOpenCVUITests.m */ = {isa = PBXFileReference; lastKnownFileType = sourcecode.c.objc; path = RenderOpenCVUITests.m; sourceTree = "<group>"; };
		5D7BE34F1CF3681C00302C37 /* Info.plist */ = {isa = PBXFileReference; lastKnownFileType = text.plist.xml; path = Info.plist; sourceTree = "<group>"; };
		5D7BE35B1CF3682B00302C37 /* opencv2.framework */ = {isa = PBXFileReference; lastKnownFileType = wrapper.framework; path = opencv2.framework; sourceTree = "<group>"; };
		5D7BE35D1CF3684500302C37 /* RenderOpenCV-PrefixHeader.pch */ = {isa = PBXFileReference; lastKnownFileType = sourcecode.c.h; path = "RenderOpenCV-PrefixHeader.pch"; sourceTree = "<group>"; };
		5D7BE3621CF3695A00302C37 /* VideoSource.h */ = {isa = PBXFileReference; fileEncoding = 4; lastKnownFileType = sourcecode.c.h; name = VideoSource.h; path = Camera/VideoSource.h; sourceTree = "<group>"; };
		5D7BE3631CF3695A00302C37 /* VideoSource.mm */ = {isa = PBXFileReference; fileEncoding = 4; lastKnownFileType = sourcecode.cpp.objcpp; name = VideoSource.mm; path = Camera/VideoSource.mm; sourceTree = "<group>"; };
		5D7BE3651CF375F100302C37 /* Accelerate.framework */ = {isa = PBXFileReference; lastKnownFileType = wrapper.framework; name = Accelerate.framework; path = System/Library/Frameworks/Accelerate.framework; sourceTree = SDKROOT; };
		5D7BE3671CF375F500302C37 /* AssetsLibrary.framework */ = {isa = PBXFileReference; lastKnownFileType = wrapper.framework; name = AssetsLibrary.framework; path = System/Library/Frameworks/AssetsLibrary.framework; sourceTree = SDKROOT; };
		5D7BE3691CF375FA00302C37 /* AVFoundation.framework */ = {isa = PBXFileReference; lastKnownFileType = wrapper.framework; name = AVFoundation.framework; path = System/Library/Frameworks/AVFoundation.framework; sourceTree = SDKROOT; };
		5D7BE36B1CF3760200302C37 /* CoreGraphics.framework */ = {isa = PBXFileReference; lastKnownFileType = wrapper.framework; name = CoreGraphics.framework; path = System/Library/Frameworks/CoreGraphics.framework; sourceTree = SDKROOT; };
		5D7BE36D1CF3760C00302C37 /* CoreVideo.framework */ = {isa = PBXFileReference; lastKnownFileType = wrapper.framework; name = CoreVideo.framework; path = System/Library/Frameworks/CoreVideo.framework; sourceTree = SDKROOT; };
		5D7BE36F1CF3761800302C37 /* CoreMedia.framework */ = {isa = PBXFileReference; lastKnownFileType = wrapper.framework; name = CoreMedia.framework; path = System/Library/Frameworks/CoreMedia.framework; sourceTree = SDKROOT; };
		5D7BE3711CF3789800302C37 /* Foundation.framework */ = {isa = PBXFileReference; lastKnownFileType = wrapper.framework; name = Foundation.framework; path = System/Library/Frameworks/Foundation.framework; sourceTree = SDKROOT; };
		5D7BE3731CF3789E00302C37 /* UIKit.framework */ = {isa = PBXFileReference; lastKnownFileType = wrapper.framework; name = UIKit.framework; path = System/Library/Frameworks/UIKit.framework; sourceTree = SDKROOT; };
		5D7CAF771CF3802600EF9B29 /* CalibrationWrapper.h */ = {isa = PBXFileReference; fileEncoding = 4; lastKnownFileType = sourcecode.c.h; path = CalibrationWrapper.h; sourceTree = "<group>"; };
		5D7CAF781CF3802600EF9B29 /* CalibrationWrapper.mm */ = {isa = PBXFileReference; fileEncoding = 4; lastKnownFileType = sourcecode.cpp.objcpp; path = CalibrationWrapper.mm; sourceTree = "<group>"; };
		5D7CAF7D1CF3805900EF9B29 /* UIImage+OpenCV.h */ = {isa = PBXFileReference; fileEncoding = 4; lastKnownFileType = sourcecode.c.h; path = "UIImage+OpenCV.h"; sourceTree = "<group>"; };
		5D7CAF7E1CF3805900EF9B29 /* UIImage+OpenCV.mm */ = {isa = PBXFileReference; fileEncoding = 4; lastKnownFileType = sourcecode.cpp.objcpp; path = "UIImage+OpenCV.mm"; sourceTree = "<group>"; };
		5D7CAF811CF3820300EF9B29 /* GeometryTypes.cpp */ = {isa = PBXFileReference; fileEncoding = 4; lastKnownFileType = sourcecode.cpp.cpp; path = GeometryTypes.cpp; sourceTree = "<group>"; };
		5D7CAF821CF3820300EF9B29 /* GeometryTypes.hpp */ = {isa = PBXFileReference; fileEncoding = 4; lastKnownFileType = sourcecode.cpp.h; path = GeometryTypes.hpp; sourceTree = "<group>"; };
		5D7CAF841CF3820900EF9B29 /* MarkerDetector.cpp */ = {isa = PBXFileReference; fileEncoding = 4; lastKnownFileType = sourcecode.cpp.cpp; path = MarkerDetector.cpp; sourceTree = "<group>"; };
		5D7CAF851CF3820900EF9B29 /* MarkerDetector.hpp */ = {isa = PBXFileReference; fileEncoding = 4; lastKnownFileType = sourcecode.cpp.h; path = MarkerDetector.hpp; sourceTree = "<group>"; };
		5D7CAF861CF3820900EF9B29 /* Marker.cpp */ = {isa = PBXFileReference; fileEncoding = 4; lastKnownFileType = sourcecode.cpp.cpp; path = Marker.cpp; sourceTree = "<group>"; };
		5D7CAF871CF3820900EF9B29 /* Marker.hpp */ = {isa = PBXFileReference; fileEncoding = 4; lastKnownFileType = sourcecode.cpp.h; path = Marker.hpp; sourceTree = "<group>"; };
		5D7CAF881CF3820900EF9B29 /* Perimetr.cpp */ = {isa = PBXFileReference; fileEncoding = 4; lastKnownFileType = sourcecode.cpp.cpp; path = Perimetr.cpp; sourceTree = "<group>"; };
		5D7CAF891CF3820900EF9B29 /* Perimetr.hpp */ = {isa = PBXFileReference; fileEncoding = 4; lastKnownFileType = sourcecode.cpp.h; path = Perimetr.hpp; sourceTree = "<group>"; };
		5D7CAF901CF3843D00EF9B29 /* Calibrator.cpp */ = {isa = PBXFileReference; fileEncoding = 4; lastKnownFileType = sourcecode.cpp.cpp; name = Calibrator.cpp; path = Calibrator/Calibrator.cpp; sourceTree = "<group>"; };
		5D7CAF911CF3843D00EF9B29 /* Calibrator.hpp */ = {isa = PBXFileReference; fileEncoding = 4; lastKnownFileType = sourcecode.cpp.h; name = Calibrator.hpp; path = Calibrator/Calibrator.hpp; sourceTree = "<group>"; };
/* End PBXFileReference section */

/* Begin PBXFrameworksBuildPhase section */
		5D7BE3221CF3681C00302C37 /* Frameworks */ = {
			isa = PBXFrameworksBuildPhase;
			buildActionMask = 2147483647;
			files = (
				5D037DE41CF4DBDB00E24C13 /* QuartzCore.framework in Frameworks */,
				5D037DE21CF4DBC400E24C13 /* GLKit.framework in Frameworks */,
				5D037DE01CF4DB4200E24C13 /* OpenGLES.framework in Frameworks */,
				5D7BE3741CF3789E00302C37 /* UIKit.framework in Frameworks */,
				5D7BE3721CF3789800302C37 /* Foundation.framework in Frameworks */,
				5D7BE3701CF3761800302C37 /* CoreMedia.framework in Frameworks */,
				5D7BE36E1CF3760C00302C37 /* CoreVideo.framework in Frameworks */,
				5D7BE36C1CF3760200302C37 /* CoreGraphics.framework in Frameworks */,
				5D7BE36A1CF375FA00302C37 /* AVFoundation.framework in Frameworks */,
				5D7BE3681CF375F500302C37 /* AssetsLibrary.framework in Frameworks */,
				5D7BE3661CF375F100302C37 /* Accelerate.framework in Frameworks */,
				5D7BE35C1CF3682B00302C37 /* opencv2.framework in Frameworks */,
			);
			runOnlyForDeploymentPostprocessing = 0;
		};
		5D7BE33B1CF3681C00302C37 /* Frameworks */ = {
			isa = PBXFrameworksBuildPhase;
			buildActionMask = 2147483647;
			files = (
			);
			runOnlyForDeploymentPostprocessing = 0;
		};
		5D7BE3461CF3681C00302C37 /* Frameworks */ = {
			isa = PBXFrameworksBuildPhase;
			buildActionMask = 2147483647;
			files = (
			);
			runOnlyForDeploymentPostprocessing = 0;
		};
/* End PBXFrameworksBuildPhase section */

/* Begin PBXGroup section */
		5D037DCD1CF4B1D400E24C13 /* UserInterface */ = {
			isa = PBXGroup;
			children = (
				5D037DCE1CF4B1DC00E24C13 /* Options */,
			);
			name = UserInterface;
			sourceTree = "<group>";
		};
		5D037DCE1CF4B1DC00E24C13 /* Options */ = {
			isa = PBXGroup;
			children = (
				5D037DCF1CF4B20500E24C13 /* OptionBase.h */,
				5D037DD01CF4B20500E24C13 /* OptionBase.m */,
				5D037DD21CF4B2A300E24C13 /* OptionCalibration.h */,
				5D037DD31CF4B2A300E24C13 /* OptionCalibration.m */,
				5D037DD51CF4B2C900E24C13 /* OptionMarker.h */,
				5D037DD61CF4B2C900E24C13 /* OptionMarker.m */,
			);
			name = Options;
			sourceTree = "<group>";
		};
		5D037DD81CF4CF9700E24C13 /* Rendering */ = {
			isa = PBXGroup;
			children = (
				5D037DD91CF4CFBF00E24C13 /* RenderManager.h */,
				5D037DDA1CF4CFBF00E24C13 /* RenderManager.mm */,
			);
			name = Rendering;
			sourceTree = "<group>";
		};
		5D7BE31C1CF3681C00302C37 = {
			isa = PBXGroup;
			children = (
				5D7CAF741CF37FD800EF9B29 /* Frameworks */,
				5D7BE3271CF3681C00302C37 /* RenderOpenCV */,
				5D7BE3411CF3681C00302C37 /* RenderOpenCVTests */,
				5D7BE34C1CF3681C00302C37 /* RenderOpenCVUITests */,
				5D7BE3261CF3681C00302C37 /* Products */,
			);
			sourceTree = "<group>";
		};
		5D7BE3261CF3681C00302C37 /* Products */ = {
			isa = PBXGroup;
			children = (
				5D7BE3251CF3681C00302C37 /* RenderOpenCV.app */,
				5D7BE33E1CF3681C00302C37 /* RenderOpenCVTests.xctest */,
				5D7BE3491CF3681C00302C37 /* RenderOpenCVUITests.xctest */,
			);
			name = Products;
			sourceTree = "<group>";
		};
		5D7BE3271CF3681C00302C37 /* RenderOpenCV */ = {
			isa = PBXGroup;
			children = (
				5D037DD81CF4CF9700E24C13 /* Rendering */,
				5D037DCD1CF4B1D400E24C13 /* UserInterface */,
				5D7CAF751CF37FE900EF9B29 /* OpenCV */,
				5D7BE3611CF3693500302C37 /* Camera */,
				5D7BE32B1CF3681C00302C37 /* AppDelegate.h */,
				5D7BE32C1CF3681C00302C37 /* AppDelegate.mm */,
				5D7BE32E1CF3681C00302C37 /* ViewController.h */,
				5D7BE32F1CF3681C00302C37 /* ViewController.mm */,
				5D7BE3311CF3681C00302C37 /* Main.storyboard */,
				5D7BE3341CF3681C00302C37 /* Assets.xcassets */,
				5D7BE3361CF3681C00302C37 /* LaunchScreen.storyboard */,
				5D7BE3391CF3681C00302C37 /* Info.plist */,
				5D7BE3281CF3681C00302C37 /* Supporting Files */,
			);
			path = RenderOpenCV;
			sourceTree = "<group>";
		};
		5D7BE3281CF3681C00302C37 /* Supporting Files */ = {
			isa = PBXGroup;
			children = (
				5D7BE3291CF3681C00302C37 /* main.m */,
				5D7BE35D1CF3684500302C37 /* RenderOpenCV-PrefixHeader.pch */,
			);
			name = "Supporting Files";
			sourceTree = "<group>";
		};
		5D7BE3411CF3681C00302C37 /* RenderOpenCVTests */ = {
			isa = PBXGroup;
			children = (
				5D7BE3421CF3681C00302C37 /* RenderOpenCVTests.m */,
				5D7BE3441CF3681C00302C37 /* Info.plist */,
			);
			path = RenderOpenCVTests;
			sourceTree = "<group>";
		};
		5D7BE34C1CF3681C00302C37 /* RenderOpenCVUITests */ = {
			isa = PBXGroup;
			children = (
				5D7BE34D1CF3681C00302C37 /* RenderOpenCVUITests.m */,
				5D7BE34F1CF3681C00302C37 /* Info.plist */,
			);
			path = RenderOpenCVUITests;
			sourceTree = "<group>";
		};
		5D7BE3611CF3693500302C37 /* Camera */ = {
			isa = PBXGroup;
			children = (
				5D7BE3621CF3695A00302C37 /* VideoSource.h */,
				5D7BE3631CF3695A00302C37 /* VideoSource.mm */,
			);
			name = Camera;
			sourceTree = "<group>";
		};
		5D7CAF741CF37FD800EF9B29 /* Frameworks */ = {
			isa = PBXGroup;
			children = (
				5D037DE31CF4DBDB00E24C13 /* QuartzCore.framework */,
				5D037DE11CF4DBC400E24C13 /* GLKit.framework */,
				5D037DDF1CF4DB4200E24C13 /* OpenGLES.framework */,
				5D7BE3731CF3789E00302C37 /* UIKit.framework */,
				5D7BE3711CF3789800302C37 /* Foundation.framework */,
				5D7BE36F1CF3761800302C37 /* CoreMedia.framework */,
				5D7BE36D1CF3760C00302C37 /* CoreVideo.framework */,
				5D7BE36B1CF3760200302C37 /* CoreGraphics.framework */,
				5D7BE3691CF375FA00302C37 /* AVFoundation.framework */,
				5D7BE3671CF375F500302C37 /* AssetsLibrary.framework */,
				5D7BE3651CF375F100302C37 /* Accelerate.framework */,
				5D7BE35B1CF3682B00302C37 /* opencv2.framework */,
			);
			name = Frameworks;
			sourceTree = "<group>";
		};
		5D7CAF751CF37FE900EF9B29 /* OpenCV */ = {
			isa = PBXGroup;
			children = (
				5D7CAF801CF381F000EF9B29 /* AR Marker */,
				5D7CAF7D1CF3805900EF9B29 /* UIImage+OpenCV.h */,
				5D7CAF7E1CF3805900EF9B29 /* UIImage+OpenCV.mm */,
				5D7CAF761CF37FFB00EF9B29 /* CameraCalibration */,
			);
			name = OpenCV;
			sourceTree = "<group>";
		};
		5D7CAF761CF37FFB00EF9B29 /* CameraCalibration */ = {
			isa = PBXGroup;
			children = (
				5D037DE51CF4DC4000E24C13 /* CameraCalibration.cpp */,
				5D037DE61CF4DC4000E24C13 /* CameraCalibration.hpp */,
				5D7CAF771CF3802600EF9B29 /* CalibrationWrapper.h */,
				5D7CAF781CF3802600EF9B29 /* CalibrationWrapper.mm */,
				5D037DCA1CF47DB700E24C13 /* CameraCalibrator.hpp */,
				5D037DCB1CF47DC200E24C13 /* CameraCalibrator.cpp */,
				5D7CAF901CF3843D00EF9B29 /* Calibrator.cpp */,
				5D7CAF911CF3843D00EF9B29 /* Calibrator.hpp */,
			);
			name = CameraCalibration;
			sourceTree = "<group>";
		};
		5D7CAF801CF381F000EF9B29 /* AR Marker */ = {
			isa = PBXGroup;
			children = (
				5D7CAF841CF3820900EF9B29 /* MarkerDetector.cpp */,
				5D7CAF851CF3820900EF9B29 /* MarkerDetector.hpp */,
				5D7CAF861CF3820900EF9B29 /* Marker.cpp */,
				5D7CAF871CF3820900EF9B29 /* Marker.hpp */,
				5D7CAF881CF3820900EF9B29 /* Perimetr.cpp */,
				5D7CAF891CF3820900EF9B29 /* Perimetr.hpp */,
				5D7CAF811CF3820300EF9B29 /* GeometryTypes.cpp */,
				5D7CAF821CF3820300EF9B29 /* GeometryTypes.hpp */,
			);
			name = "AR Marker";
			sourceTree = "<group>";
		};
/* End PBXGroup section */

/* Begin PBXNativeTarget section */
		5D7BE3241CF3681C00302C37 /* RenderOpenCV */ = {
			isa = PBXNativeTarget;
			buildConfigurationList = 5D7BE3521CF3681C00302C37 /* Build configuration list for PBXNativeTarget "RenderOpenCV" */;
			buildPhases = (
				5D7BE3211CF3681C00302C37 /* Sources */,
				5D7BE3221CF3681C00302C37 /* Frameworks */,
				5D7BE3231CF3681C00302C37 /* Resources */,
			);
			buildRules = (
			);
			dependencies = (
			);
			name = RenderOpenCV;
			productName = RenderOpenCV;
			productReference = 5D7BE3251CF3681C00302C37 /* RenderOpenCV.app */;
			productType = "com.apple.product-type.application";
		};
		5D7BE33D1CF3681C00302C37 /* RenderOpenCVTests */ = {
			isa = PBXNativeTarget;
			buildConfigurationList = 5D7BE3551CF3681C00302C37 /* Build configuration list for PBXNativeTarget "RenderOpenCVTests" */;
			buildPhases = (
				5D7BE33A1CF3681C00302C37 /* Sources */,
				5D7BE33B1CF3681C00302C37 /* Frameworks */,
				5D7BE33C1CF3681C00302C37 /* Resources */,
			);
			buildRules = (
			);
			dependencies = (
				5D7BE3401CF3681C00302C37 /* PBXTargetDependency */,
			);
			name = RenderOpenCVTests;
			productName = RenderOpenCVTests;
			productReference = 5D7BE33E1CF3681C00302C37 /* RenderOpenCVTests.xctest */;
			productType = "com.apple.product-type.bundle.unit-test";
		};
		5D7BE3481CF3681C00302C37 /* RenderOpenCVUITests */ = {
			isa = PBXNativeTarget;
			buildConfigurationList = 5D7BE3581CF3681C00302C37 /* Build configuration list for PBXNativeTarget "RenderOpenCVUITests" */;
			buildPhases = (
				5D7BE3451CF3681C00302C37 /* Sources */,
				5D7BE3461CF3681C00302C37 /* Frameworks */,
				5D7BE3471CF3681C00302C37 /* Resources */,
			);
			buildRules = (
			);
			dependencies = (
				5D7BE34B1CF3681C00302C37 /* PBXTargetDependency */,
			);
			name = RenderOpenCVUITests;
			productName = RenderOpenCVUITests;
			productReference = 5D7BE3491CF3681C00302C37 /* RenderOpenCVUITests.xctest */;
			productType = "com.apple.product-type.bundle.ui-testing";
		};
/* End PBXNativeTarget section */

/* Begin PBXProject section */
		5D7BE31D1CF3681C00302C37 /* Project object */ = {
			isa = PBXProject;
			attributes = {
				LastUpgradeCheck = 0720;
				ORGANIZATIONNAME = "Anastasia Tarasova";
				TargetAttributes = {
					5D7BE3241CF3681C00302C37 = {
						CreatedOnToolsVersion = 7.2.1;
						DevelopmentTeam = 23NM648C48;
					};
					5D7BE33D1CF3681C00302C37 = {
						CreatedOnToolsVersion = 7.2.1;
						DevelopmentTeam = 23NM648C48;
						TestTargetID = 5D7BE3241CF3681C00302C37;
					};
					5D7BE3481CF3681C00302C37 = {
						CreatedOnToolsVersion = 7.2.1;
						DevelopmentTeam = 23NM648C48;
						TestTargetID = 5D7BE3241CF3681C00302C37;
					};
				};
			};
			buildConfigurationList = 5D7BE3201CF3681C00302C37 /* Build configuration list for PBXProject "RenderOpenCV" */;
			compatibilityVersion = "Xcode 3.2";
			developmentRegion = English;
			hasScannedForEncodings = 0;
			knownRegions = (
				en,
				Base,
			);
			mainGroup = 5D7BE31C1CF3681C00302C37;
			productRefGroup = 5D7BE3261CF3681C00302C37 /* Products */;
			projectDirPath = "";
			projectRoot = "";
			targets = (
				5D7BE3241CF3681C00302C37 /* RenderOpenCV */,
				5D7BE33D1CF3681C00302C37 /* RenderOpenCVTests */,
				5D7BE3481CF3681C00302C37 /* RenderOpenCVUITests */,
			);
		};
/* End PBXProject section */

/* Begin PBXResourcesBuildPhase section */
		5D7BE3231CF3681C00302C37 /* Resources */ = {
			isa = PBXResourcesBuildPhase;
			buildActionMask = 2147483647;
			files = (
				5D7BE3381CF3681C00302C37 /* LaunchScreen.storyboard in Resources */,
				5D7BE3351CF3681C00302C37 /* Assets.xcassets in Resources */,
				5D7BE3331CF3681C00302C37 /* Main.storyboard in Resources */,
			);
			runOnlyForDeploymentPostprocessing = 0;
		};
		5D7BE33C1CF3681C00302C37 /* Resources */ = {
			isa = PBXResourcesBuildPhase;
			buildActionMask = 2147483647;
			files = (
			);
			runOnlyForDeploymentPostprocessing = 0;
		};
		5D7BE3471CF3681C00302C37 /* Resources */ = {
			isa = PBXResourcesBuildPhase;
			buildActionMask = 2147483647;
			files = (
			);
			runOnlyForDeploymentPostprocessing = 0;
		};
/* End PBXResourcesBuildPhase section */

/* Begin PBXSourcesBuildPhase section */
		5D7BE3211CF3681C00302C37 /* Sources */ = {
			isa = PBXSourcesBuildPhase;
			buildActionMask = 2147483647;
			files = (
				5D7BE3301CF3681C00302C37 /* ViewController.mm in Sources */,
				5D7BE32D1CF3681C00302C37 /* AppDelegate.mm in Sources */,
				5D7CAF7B1CF3802600EF9B29 /* CalibrationWrapper.mm in Sources */,
				5D037DD71CF4B2C900E24C13 /* OptionMarker.m in Sources */,
				5D7CAF831CF3820300EF9B29 /* GeometryTypes.cpp in Sources */,
				5D7CAF8A1CF3820900EF9B29 /* MarkerDetector.cpp in Sources */,
				5D037DE71CF4DC4000E24C13 /* CameraCalibration.cpp in Sources */,
				5D7BE3641CF3695A00302C37 /* VideoSource.mm in Sources */,
				5D037DD11CF4B20500E24C13 /* OptionBase.m in Sources */,
				5D7CAF921CF3843D00EF9B29 /* Calibrator.cpp in Sources */,
				5D037DDB1CF4CFBF00E24C13 /* RenderManager.mm in Sources */,
				5D7CAF7F1CF3805900EF9B29 /* UIImage+OpenCV.mm in Sources */,
				5D7BE32A1CF3681C00302C37 /* main.m in Sources */,
				5D7CAF8C1CF3820900EF9B29 /* Perimetr.cpp in Sources */,
				5D7CAF8B1CF3820900EF9B29 /* Marker.cpp in Sources */,
				5D037DCC1CF47DC200E24C13 /* CameraCalibrator.cpp in Sources */,
				5D037DD41CF4B2A300E24C13 /* OptionCalibration.m in Sources */,
			);
			runOnlyForDeploymentPostprocessing = 0;
		};
		5D7BE33A1CF3681C00302C37 /* Sources */ = {
			isa = PBXSourcesBuildPhase;
			buildActionMask = 2147483647;
			files = (
				5D7BE3431CF3681C00302C37 /* RenderOpenCVTests.m in Sources */,
			);
			runOnlyForDeploymentPostprocessing = 0;
		};
		5D7BE3451CF3681C00302C37 /* Sources */ = {
			isa = PBXSourcesBuildPhase;
			buildActionMask = 2147483647;
			files = (
				5D7BE34E1CF3681C00302C37 /* RenderOpenCVUITests.m in Sources */,
			);
			runOnlyForDeploymentPostprocessing = 0;
		};
/* End PBXSourcesBuildPhase section */

/* Begin PBXTargetDependency section */
		5D7BE3401CF3681C00302C37 /* PBXTargetDependency */ = {
			isa = PBXTargetDependency;
			target = 5D7BE3241CF3681C00302C37 /* RenderOpenCV */;
			targetProxy = 5D7BE33F1CF3681C00302C37 /* PBXContainerItemProxy */;
		};
		5D7BE34B1CF3681C00302C37 /* PBXTargetDependency */ = {
			isa = PBXTargetDependency;
			target = 5D7BE3241CF3681C00302C37 /* RenderOpenCV */;
			targetProxy = 5D7BE34A1CF3681C00302C37 /* PBXContainerItemProxy */;
		};
/* End PBXTargetDependency section */

/* Begin PBXVariantGroup section */
		5D7BE3311CF3681C00302C37 /* Main.storyboard */ = {
			isa = PBXVariantGroup;
			children = (
				5D7BE3321CF3681C00302C37 /* Base */,
			);
			name = Main.storyboard;
			sourceTree = "<group>";
		};
		5D7BE3361CF3681C00302C37 /* LaunchScreen.storyboard */ = {
			isa = PBXVariantGroup;
			children = (
				5D7BE3371CF3681C00302C37 /* Base */,
			);
			name = LaunchScreen.storyboard;
			sourceTree = "<group>";
		};
/* End PBXVariantGroup section */

/* Begin XCBuildConfiguration section */
		5D7BE3501CF3681C00302C37 /* Debug */ = {
			isa = XCBuildConfiguration;
			buildSettings = {
				ALWAYS_SEARCH_USER_PATHS = NO;
				CLANG_CXX_LANGUAGE_STANDARD = "gnu++0x";
				CLANG_CXX_LIBRARY = "libc++";
				CLANG_ENABLE_MODULES = YES;
				CLANG_ENABLE_OBJC_ARC = YES;
				CLANG_WARN_BOOL_CONVERSION = YES;
				CLANG_WARN_CONSTANT_CONVERSION = YES;
				CLANG_WARN_DIRECT_OBJC_ISA_USAGE = YES_ERROR;
				CLANG_WARN_EMPTY_BODY = YES;
				CLANG_WARN_ENUM_CONVERSION = YES;
				CLANG_WARN_INT_CONVERSION = YES;
				CLANG_WARN_OBJC_ROOT_CLASS = YES_ERROR;
				CLANG_WARN_UNREACHABLE_CODE = YES;
				CLANG_WARN__DUPLICATE_METHOD_MATCH = YES;
				"CODE_SIGN_IDENTITY[sdk=iphoneos*]" = "iPhone Developer";
				COPY_PHASE_STRIP = NO;
				DEBUG_INFORMATION_FORMAT = dwarf;
				ENABLE_STRICT_OBJC_MSGSEND = YES;
				ENABLE_TESTABILITY = YES;
				GCC_C_LANGUAGE_STANDARD = gnu99;
				GCC_DYNAMIC_NO_PIC = NO;
				GCC_NO_COMMON_BLOCKS = YES;
				GCC_OPTIMIZATION_LEVEL = 0;
				GCC_PREPROCESSOR_DEFINITIONS = (
					"DEBUG=1",
					"$(inherited)",
				);
				GCC_WARN_64_TO_32_BIT_CONVERSION = YES;
				GCC_WARN_ABOUT_RETURN_TYPE = YES_ERROR;
				GCC_WARN_UNDECLARED_SELECTOR = YES;
				GCC_WARN_UNINITIALIZED_AUTOS = YES_AGGRESSIVE;
				GCC_WARN_UNUSED_FUNCTION = YES;
				GCC_WARN_UNUSED_VARIABLE = YES;
				IPHONEOS_DEPLOYMENT_TARGET = 9.2;
				MTL_ENABLE_DEBUG_INFO = YES;
				ONLY_ACTIVE_ARCH = YES;
				SDKROOT = iphoneos;
				TARGETED_DEVICE_FAMILY = "1,2";
			};
			name = Debug;
		};
		5D7BE3511CF3681C00302C37 /* Release */ = {
			isa = XCBuildConfiguration;
			buildSettings = {
				ALWAYS_SEARCH_USER_PATHS = NO;
				CLANG_CXX_LANGUAGE_STANDARD = "gnu++0x";
				CLANG_CXX_LIBRARY = "libc++";
				CLANG_ENABLE_MODULES = YES;
				CLANG_ENABLE_OBJC_ARC = YES;
				CLANG_WARN_BOOL_CONVERSION = YES;
				CLANG_WARN_CONSTANT_CONVERSION = YES;
				CLANG_WARN_DIRECT_OBJC_ISA_USAGE = YES_ERROR;
				CLANG_WARN_EMPTY_BODY = YES;
				CLANG_WARN_ENUM_CONVERSION = YES;
				CLANG_WARN_INT_CONVERSION = YES;
				CLANG_WARN_OBJC_ROOT_CLASS = YES_ERROR;
				CLANG_WARN_UNREACHABLE_CODE = YES;
				CLANG_WARN__DUPLICATE_METHOD_MATCH = YES;
				"CODE_SIGN_IDENTITY[sdk=iphoneos*]" = "iPhone Developer";
				COPY_PHASE_STRIP = NO;
				DEBUG_INFORMATION_FORMAT = "dwarf-with-dsym";
				ENABLE_NS_ASSERTIONS = NO;
				ENABLE_STRICT_OBJC_MSGSEND = YES;
				GCC_C_LANGUAGE_STANDARD = gnu99;
				GCC_NO_COMMON_BLOCKS = YES;
				GCC_WARN_64_TO_32_BIT_CONVERSION = YES;
				GCC_WARN_ABOUT_RETURN_TYPE = YES_ERROR;
				GCC_WARN_UNDECLARED_SELECTOR = YES;
				GCC_WARN_UNINITIALIZED_AUTOS = YES_AGGRESSIVE;
				GCC_WARN_UNUSED_FUNCTION = YES;
				GCC_WARN_UNUSED_VARIABLE = YES;
				IPHONEOS_DEPLOYMENT_TARGET = 9.2;
				MTL_ENABLE_DEBUG_INFO = NO;
				SDKROOT = iphoneos;
				TARGETED_DEVICE_FAMILY = "1,2";
				VALIDATE_PRODUCT = YES;
			};
			name = Release;
		};
		5D7BE3531CF3681C00302C37 /* Debug */ = {
			isa = XCBuildConfiguration;
			buildSettings = {
				ASSETCATALOG_COMPILER_APPICON_NAME = AppIcon;
				FRAMEWORK_SEARCH_PATHS = (
					"$(inherited)",
					"$(PROJECT_DIR)",
				);
				GCC_PRECOMPILE_PREFIX_HEADER = YES;
				GCC_PREFIX_HEADER = "$(PROJECT_DIR)/RenderOpenCV/RenderOpenCV-PrefixHeader.pch";
				INFOPLIST_FILE = RenderOpenCV/Info.plist;
				IPHONEOS_DEPLOYMENT_TARGET = 8.4;
				LD_RUNPATH_SEARCH_PATHS = "$(inherited) @executable_path/Frameworks";
				PRODUCT_BUNDLE_IDENTIFIER = com.tarasova.RenderOpenCV;
				PRODUCT_NAME = "$(TARGET_NAME)";
			};
			name = Debug;
		};
		5D7BE3541CF3681C00302C37 /* Release */ = {
			isa = XCBuildConfiguration;
			buildSettings = {
				ASSETCATALOG_COMPILER_APPICON_NAME = AppIcon;
				FRAMEWORK_SEARCH_PATHS = (
					"$(inherited)",
					"$(PROJECT_DIR)",
				);
				GCC_PRECOMPILE_PREFIX_HEADER = YES;
				GCC_PREFIX_HEADER = "$(PROJECT_DIR)/RenderOpenCV/RenderOpenCV-PrefixHeader.pch";
				INFOPLIST_FILE = RenderOpenCV/Info.plist;
				IPHONEOS_DEPLOYMENT_TARGET = 8.4;
				LD_RUNPATH_SEARCH_PATHS = "$(inherited) @executable_path/Frameworks";
				PRODUCT_BUNDLE_IDENTIFIER = com.tarasova.RenderOpenCV;
				PRODUCT_NAME = "$(TARGET_NAME)";
			};
			name = Release;
		};
		5D7BE3561CF3681C00302C37 /* Debug */ = {
			isa = XCBuildConfiguration;
			buildSettings = {
				BUNDLE_LOADER = "$(TEST_HOST)";
				INFOPLIST_FILE = RenderOpenCVTests/Info.plist;
				LD_RUNPATH_SEARCH_PATHS = "$(inherited) @executable_path/Frameworks @loader_path/Frameworks";
				PRODUCT_BUNDLE_IDENTIFIER = com.tarasova.RenderOpenCVTests;
				PRODUCT_NAME = "$(TARGET_NAME)";
				TEST_HOST = "$(BUILT_PRODUCTS_DIR)/RenderOpenCV.app/RenderOpenCV";
			};
			name = Debug;
		};
		5D7BE3571CF3681C00302C37 /* Release */ = {
			isa = XCBuildConfiguration;
			buildSettings = {
				BUNDLE_LOADER = "$(TEST_HOST)";
				INFOPLIST_FILE = RenderOpenCVTests/Info.plist;
				LD_RUNPATH_SEARCH_PATHS = "$(inherited) @executable_path/Frameworks @loader_path/Frameworks";
				PRODUCT_BUNDLE_IDENTIFIER = com.tarasova.RenderOpenCVTests;
				PRODUCT_NAME = "$(TARGET_NAME)";
				TEST_HOST = "$(BUILT_PRODUCTS_DIR)/RenderOpenCV.app/RenderOpenCV";
			};
			name = Release;
		};
		5D7BE3591CF3681C00302C37 /* Debug */ = {
			isa = XCBuildConfiguration;
			buildSettings = {
				INFOPLIST_FILE = RenderOpenCVUITests/Info.plist;
				LD_RUNPATH_SEARCH_PATHS = "$(inherited) @executable_path/Frameworks @loader_path/Frameworks";
				PRODUCT_BUNDLE_IDENTIFIER = com.tarasova.RenderOpenCVUITests;
				PRODUCT_NAME = "$(TARGET_NAME)";
				TEST_TARGET_NAME = RenderOpenCV;
				USES_XCTRUNNER = YES;
			};
			name = Debug;
		};
		5D7BE35A1CF3681C00302C37 /* Release */ = {
			isa = XCBuildConfiguration;
			buildSettings = {
				INFOPLIST_FILE = RenderOpenCVUITests/Info.plist;
				LD_RUNPATH_SEARCH_PATHS = "$(inherited) @executable_path/Frameworks @loader_path/Frameworks";
				PRODUCT_BUNDLE_IDENTIFIER = com.tarasova.RenderOpenCVUITests;
				PRODUCT_NAME = "$(TARGET_NAME)";
				TEST_TARGET_NAME = RenderOpenCV;
				USES_XCTRUNNER = YES;
			};
			name = Release;
		};
/* End XCBuildConfiguration section */

/* Begin XCConfigurationList section */
		5D7BE3201CF3681C00302C37 /* Build configuration list for PBXProject "RenderOpenCV" */ = {
			isa = XCConfigurationList;
			buildConfigurations = (
				5D7BE3501CF3681C00302C37 /* Debug */,
				5D7BE3511CF3681C00302C37 /* Release */,
			);
			defaultConfigurationIsVisible = 0;
			defaultConfigurationName = Release;
		};
		5D7BE3521CF3681C00302C37 /* Build configuration list for PBXNativeTarget "RenderOpenCV" */ = {
			isa = XCConfigurationList;
			buildConfigurations = (
				5D7BE3531CF3681C00302C37 /* Debug */,
				5D7BE3541CF3681C00302C37 /* Release */,
			);
			defaultConfigurationIsVisible = 0;
			defaultConfigurationName = Release;
		};
		5D7BE3551CF3681C00302C37 /* Build configuration list for PBXNativeTarget "RenderOpenCVTests" */ = {
			isa = XCConfigurationList;
			buildConfigurations = (
				5D7BE3561CF3681C00302C37 /* Debug */,
				5D7BE3571CF3681C00302C37 /* Release */,
			);
			defaultConfigurationIsVisible = 0;
			defaultConfigurationName = Release;
		};
		5D7BE3581CF3681C00302C37 /* Build configuration list for PBXNativeTarget "RenderOpenCVUITests" */ = {
			isa = XCConfigurationList;
			buildConfigurations = (
				5D7BE3591CF3681C00302C37 /* Debug */,
				5D7BE35A1CF3681C00302C37 /* Release */,
			);
			defaultConfigurationIsVisible = 0;
			defaultConfigurationName = Release;
		};
/* End XCConfigurationList section */
	};
	rootObject = 5D7BE31D1CF3681C00302C37 /* Project object */;
}
